// !$*UTF8*$!
{
	archiveVersion = 1;
	classes = {
	};
	objectVersion = 46;
	objects = {

/* Begin PBXBuildFile section */
		0445D71B1D016B0F00B1DEB4 /* defaultImagePortrait.png in Resources */ = {isa = PBXBuildFile; fileRef = 0445D7191D016B0F00B1DEB4 /* defaultImagePortrait.png */; };
		0445D71C1D016B0F00B1DEB4 /* defaultImageLandscape.png in Resources */ = {isa = PBXBuildFile; fileRef = 0445D71A1D016B0F00B1DEB4 /* defaultImageLandscape.png */; };
		0445D71E1D016D0A00B1DEB4 /* ngoctrinh_portrait.jpg in Resources */ = {isa = PBXBuildFile; fileRef = 0445D71D1D016D0A00B1DEB4 /* ngoctrinh_portrait.jpg */; };
		0445D7221D016F2100B1DEB4 /* YTPlayerView.m in Sources */ = {isa = PBXBuildFile; fileRef = 0445D7211D016F2100B1DEB4 /* YTPlayerView.m */; };
		0445D7241D016F3C00B1DEB4 /* Assets.bundle in Resources */ = {isa = PBXBuildFile; fileRef = 0445D7231D016F3C00B1DEB4 /* Assets.bundle */; };
		04593CCD1D01349000488112 /* NetworkAccess.m in Sources */ = {isa = PBXBuildFile; fileRef = 04593CCC1D01349000488112 /* NetworkAccess.m */; };
		04593CE31D0134F500488112 /* AFHTTPRequestOperation.m in Sources */ = {isa = PBXBuildFile; fileRef = 04593CD11D0134F500488112 /* AFHTTPRequestOperation.m */; };
		04593CE41D0134F500488112 /* AFHTTPRequestOperationManager.m in Sources */ = {isa = PBXBuildFile; fileRef = 04593CD31D0134F500488112 /* AFHTTPRequestOperationManager.m */; };
		04593CE51D0134F500488112 /* AFHTTPSessionManager.m in Sources */ = {isa = PBXBuildFile; fileRef = 04593CD51D0134F500488112 /* AFHTTPSessionManager.m */; };
		04593CE61D0134F500488112 /* AFNetworkReachabilityManager.m in Sources */ = {isa = PBXBuildFile; fileRef = 04593CD81D0134F500488112 /* AFNetworkReachabilityManager.m */; };
		04593CE71D0134F500488112 /* AFSecurityPolicy.m in Sources */ = {isa = PBXBuildFile; fileRef = 04593CDA1D0134F500488112 /* AFSecurityPolicy.m */; };
		04593CE81D0134F500488112 /* AFURLConnectionOperation.m in Sources */ = {isa = PBXBuildFile; fileRef = 04593CDC1D0134F500488112 /* AFURLConnectionOperation.m */; };
		04593CE91D0134F500488112 /* AFURLRequestSerialization.m in Sources */ = {isa = PBXBuildFile; fileRef = 04593CDE1D0134F500488112 /* AFURLRequestSerialization.m */; };
		04593CEA1D0134F500488112 /* AFURLResponseSerialization.m in Sources */ = {isa = PBXBuildFile; fileRef = 04593CE01D0134F500488112 /* AFURLResponseSerialization.m */; };
		04593CEB1D0134F500488112 /* AFURLSessionManager.m in Sources */ = {isa = PBXBuildFile; fileRef = 04593CE21D0134F500488112 /* AFURLSessionManager.m */; };
		04593CF01D01357E00488112 /* CustomUIKit.m in Sources */ = {isa = PBXBuildFile; fileRef = 04593CEF1D01357E00488112 /* CustomUIKit.m */; };
		04593CF41D0135A300488112 /* CustomImageView.m in Sources */ = {isa = PBXBuildFile; fileRef = 04593CF31D0135A300488112 /* CustomImageView.m */; };
		04593CF91D01372F00488112 /* LoadingView.m in Sources */ = {isa = PBXBuildFile; fileRef = 04593CF81D01372F00488112 /* LoadingView.m */; };
		04593CFD1D01377D00488112 /* AppConfig.m in Sources */ = {isa = PBXBuildFile; fileRef = 04593CFC1D01377D00488112 /* AppConfig.m */; };
		04593D011D0138EB00488112 /* AlertLoadingView.m in Sources */ = {isa = PBXBuildFile; fileRef = 04593D001D0138EB00488112 /* AlertLoadingView.m */; };
		0C10A1F71D01869A00C45B5A /* CategoryVCData.m in Sources */ = {isa = PBXBuildFile; fileRef = 0C10A1F61D01869A00C45B5A /* CategoryVCData.m */; };
		0C10A1FA1D0187F900C45B5A /* DataAccessVinh.m in Sources */ = {isa = PBXBuildFile; fileRef = 0C10A1F91D0187F900C45B5A /* DataAccessVinh.m */; };
		0CFCA20C1D00193400A0BAF3 /* main.m in Sources */ = {isa = PBXBuildFile; fileRef = 0CFCA20B1D00193400A0BAF3 /* main.m */; };
		0CFCA20F1D00193400A0BAF3 /* AppDelegate.m in Sources */ = {isa = PBXBuildFile; fileRef = 0CFCA20E1D00193400A0BAF3 /* AppDelegate.m */; };
		0CFCA2171D00193400A0BAF3 /* Assets.xcassets in Resources */ = {isa = PBXBuildFile; fileRef = 0CFCA2161D00193400A0BAF3 /* Assets.xcassets */; };
		0CFCA21A1D00193400A0BAF3 /* LaunchScreen.storyboard in Resources */ = {isa = PBXBuildFile; fileRef = 0CFCA2181D00193400A0BAF3 /* LaunchScreen.storyboard */; };
		0CFCA2241D001A0600A0BAF3 /* StartVC.m in Sources */ = {isa = PBXBuildFile; fileRef = 0CFCA2221D001A0600A0BAF3 /* StartVC.m */; };
		0CFCA2251D001A0600A0BAF3 /* StartVC.xib in Resources */ = {isa = PBXBuildFile; fileRef = 0CFCA2231D001A0600A0BAF3 /* StartVC.xib */; };
		0CFCA22B1D001C3B00A0BAF3 /* MainTabVC.m in Sources */ = {isa = PBXBuildFile; fileRef = 0CFCA2291D001C3B00A0BAF3 /* MainTabVC.m */; };
		0CFCA22C1D001C3B00A0BAF3 /* MainTabVC.xib in Resources */ = {isa = PBXBuildFile; fileRef = 0CFCA22A1D001C3B00A0BAF3 /* MainTabVC.xib */; };
		0CFCA2311D001DBE00A0BAF3 /* HomeVC.m in Sources */ = {isa = PBXBuildFile; fileRef = 0CFCA22F1D001DBE00A0BAF3 /* HomeVC.m */; };
		0CFCA2321D001DBE00A0BAF3 /* HomeVC.xib in Resources */ = {isa = PBXBuildFile; fileRef = 0CFCA2301D001DBE00A0BAF3 /* HomeVC.xib */; };
		0CFCA2371D001EAF00A0BAF3 /* CategoryVC.m in Sources */ = {isa = PBXBuildFile; fileRef = 0CFCA2351D001EAF00A0BAF3 /* CategoryVC.m */; };
		0CFCA2381D001EAF00A0BAF3 /* CategoryVC.xib in Resources */ = {isa = PBXBuildFile; fileRef = 0CFCA2361D001EAF00A0BAF3 /* CategoryVC.xib */; };
		0CFCA23D1D001F3200A0BAF3 /* SearchVC.m in Sources */ = {isa = PBXBuildFile; fileRef = 0CFCA23B1D001F3200A0BAF3 /* SearchVC.m */; };
		0CFCA23E1D001F3200A0BAF3 /* SearchVC.xib in Resources */ = {isa = PBXBuildFile; fileRef = 0CFCA23C1D001F3200A0BAF3 /* SearchVC.xib */; };
		0CFCA2431D00233300A0BAF3 /* HomeTableCell.m in Sources */ = {isa = PBXBuildFile; fileRef = 0CFCA2411D00233300A0BAF3 /* HomeTableCell.m */; };
		0CFCA2441D00233300A0BAF3 /* HomeTableCell.xib in Resources */ = {isa = PBXBuildFile; fileRef = 0CFCA2421D00233300A0BAF3 /* HomeTableCell.xib */; };
		0CFCA24B1D00247E00A0BAF3 /* ngoctrinh.png in Resources */ = {isa = PBXBuildFile; fileRef = 0CFCA24A1D00247E00A0BAF3 /* ngoctrinh.png */; };
		0CFCA2501D0026BA00A0BAF3 /* CourseVC.m in Sources */ = {isa = PBXBuildFile; fileRef = 0CFCA24E1D0026BA00A0BAF3 /* CourseVC.m */; };
		0CFCA2511D0026BA00A0BAF3 /* CourseVC.xib in Resources */ = {isa = PBXBuildFile; fileRef = 0CFCA24F1D0026BA00A0BAF3 /* CourseVC.xib */; };
		0CFCA2561D0028CE00A0BAF3 /* CourseHeaderCell.m in Sources */ = {isa = PBXBuildFile; fileRef = 0CFCA2541D0028CE00A0BAF3 /* CourseHeaderCell.m */; };
		0CFCA2571D0028CE00A0BAF3 /* CourseHeaderCell.xib in Resources */ = {isa = PBXBuildFile; fileRef = 0CFCA2551D0028CE00A0BAF3 /* CourseHeaderCell.xib */; };
		F99939DD1D050CF100FF8D45 /* HomeTableCellData.m in Sources */ = {isa = PBXBuildFile; fileRef = F99939DC1D050CF100FF8D45 /* HomeTableCellData.m */; };
		F99939FD1D05565600FF8D45 /* LessonCellData.m in Sources */ = {isa = PBXBuildFile; fileRef = F99939FC1D05565600FF8D45 /* LessonCellData.m */; };
		F9993A051D056BF400FF8D45 /* LessonCell.m in Sources */ = {isa = PBXBuildFile; fileRef = F9993A031D056BF400FF8D45 /* LessonCell.m */; };
		F9993A061D056BF400FF8D45 /* LessonCell.xib in Resources */ = {isa = PBXBuildFile; fileRef = F9993A041D056BF400FF8D45 /* LessonCell.xib */; };
		F9993A0E1D057D6000FF8D45 /* HomeVCData.m in Sources */ = {isa = PBXBuildFile; fileRef = F9993A0D1D057D6000FF8D45 /* HomeVCData.m */; };
		F9993A111D05804A00FF8D45 /* CourseVCData.m in Sources */ = {isa = PBXBuildFile; fileRef = F9993A101D05804A00FF8D45 /* CourseVCData.m */; };
		F9993A141D05885800FF8D45 /* CourseHeaderData.m in Sources */ = {isa = PBXBuildFile; fileRef = F9993A131D05885800FF8D45 /* CourseHeaderData.m */; };
		F9C932D71D06F85B00FE65F3 /* LessonVC.m in Sources */ = {isa = PBXBuildFile; fileRef = F9C932D51D06F85B00FE65F3 /* LessonVC.m */; };
		F9C932D81D06F85B00FE65F3 /* LessonVC.xib in Resources */ = {isa = PBXBuildFile; fileRef = F9C932D61D06F85B00FE65F3 /* LessonVC.xib */; };
		F9E181A61D06A66B00BCB624 /* SearchVCData.m in Sources */ = {isa = PBXBuildFile; fileRef = F9E181A51D06A66B00BCB624 /* SearchVCData.m */; };
		F9E8935E1D07164E002DA21D /* LessonVCData.m in Sources */ = {isa = PBXBuildFile; fileRef = F9E8935D1D07164E002DA21D /* LessonVCData.m */; };
		F9F5B7151D066089007C9B98 /* btn_back_normal@2x.png in Resources */ = {isa = PBXBuildFile; fileRef = F9F5B7081D066089007C9B98 /* btn_back_normal@2x.png */; };
		F9F5B7161D066089007C9B98 /* btn_back_selected@2x.png in Resources */ = {isa = PBXBuildFile; fileRef = F9F5B7091D066089007C9B98 /* btn_back_selected@2x.png */; };
		F9F5B7171D066089007C9B98 /* btn_hash_normal@2x.png in Resources */ = {isa = PBXBuildFile; fileRef = F9F5B70A1D066089007C9B98 /* btn_hash_normal@2x.png */; };
		F9F5B7181D066089007C9B98 /* btn_hash_selected@2x.png in Resources */ = {isa = PBXBuildFile; fileRef = F9F5B70B1D066089007C9B98 /* btn_hash_selected@2x.png */; };
		F9F5B7191D066089007C9B98 /* btn_home_normal@2x.png in Resources */ = {isa = PBXBuildFile; fileRef = F9F5B70C1D066089007C9B98 /* btn_home_normal@2x.png */; };
		F9F5B71A1D066089007C9B98 /* btn_home_selected@2x.png in Resources */ = {isa = PBXBuildFile; fileRef = F9F5B70D1D066089007C9B98 /* btn_home_selected@2x.png */; };
		F9F5B71B1D066089007C9B98 /* btn_like_normal@2x.png in Resources */ = {isa = PBXBuildFile; fileRef = F9F5B70E1D066089007C9B98 /* btn_like_normal@2x.png */; };
		F9F5B71C1D066089007C9B98 /* btn_like_selected@2x.png in Resources */ = {isa = PBXBuildFile; fileRef = F9F5B70F1D066089007C9B98 /* btn_like_selected@2x.png */; };
		F9F5B71D1D066089007C9B98 /* btn_search_normal@2x.png in Resources */ = {isa = PBXBuildFile; fileRef = F9F5B7101D066089007C9B98 /* btn_search_normal@2x.png */; };
		F9F5B71E1D066089007C9B98 /* btn_search_selected@2x.png in Resources */ = {isa = PBXBuildFile; fileRef = F9F5B7111D066089007C9B98 /* btn_search_selected@2x.png */; };
		F9F5B71F1D066089007C9B98 /* btn_share_normal@2x.png in Resources */ = {isa = PBXBuildFile; fileRef = F9F5B7121D066089007C9B98 /* btn_share_normal@2x.png */; };
		F9F5B7201D066089007C9B98 /* btn_share_selected@2x.png in Resources */ = {isa = PBXBuildFile; fileRef = F9F5B7131D066089007C9B98 /* btn_share_selected@2x.png */; };
		F9F5B7211D066089007C9B98 /* rn.bat in Resources */ = {isa = PBXBuildFile; fileRef = F9F5B7141D066089007C9B98 /* rn.bat */; };
/* End PBXBuildFile section */

/* Begin PBXFileReference section */
		0445D7191D016B0F00B1DEB4 /* defaultImagePortrait.png */ = {isa = PBXFileReference; lastKnownFileType = image.png; path = defaultImagePortrait.png; sourceTree = "<group>"; };
		0445D71A1D016B0F00B1DEB4 /* defaultImageLandscape.png */ = {isa = PBXFileReference; lastKnownFileType = image.png; path = defaultImageLandscape.png; sourceTree = "<group>"; };
		0445D71D1D016D0A00B1DEB4 /* ngoctrinh_portrait.jpg */ = {isa = PBXFileReference; lastKnownFileType = image.jpeg; path = ngoctrinh_portrait.jpg; sourceTree = "<group>"; };
		0445D7201D016F2100B1DEB4 /* YTPlayerView.h */ = {isa = PBXFileReference; fileEncoding = 4; lastKnownFileType = sourcecode.c.h; path = YTPlayerView.h; sourceTree = "<group>"; };
		0445D7211D016F2100B1DEB4 /* YTPlayerView.m */ = {isa = PBXFileReference; fileEncoding = 4; lastKnownFileType = sourcecode.c.objc; path = YTPlayerView.m; sourceTree = "<group>"; };
		0445D7231D016F3C00B1DEB4 /* Assets.bundle */ = {isa = PBXFileReference; lastKnownFileType = "wrapper.plug-in"; path = Assets.bundle; sourceTree = "<group>"; };
		04593CCB1D01349000488112 /* NetworkAccess.h */ = {isa = PBXFileReference; fileEncoding = 4; lastKnownFileType = sourcecode.c.h; path = NetworkAccess.h; sourceTree = "<group>"; };
		04593CCC1D01349000488112 /* NetworkAccess.m */ = {isa = PBXFileReference; fileEncoding = 4; lastKnownFileType = sourcecode.c.objc; path = NetworkAccess.m; sourceTree = "<group>"; };
		04593CD01D0134F500488112 /* AFHTTPRequestOperation.h */ = {isa = PBXFileReference; fileEncoding = 4; lastKnownFileType = sourcecode.c.h; path = AFHTTPRequestOperation.h; sourceTree = "<group>"; };
		04593CD11D0134F500488112 /* AFHTTPRequestOperation.m */ = {isa = PBXFileReference; fileEncoding = 4; lastKnownFileType = sourcecode.c.objc; path = AFHTTPRequestOperation.m; sourceTree = "<group>"; };
		04593CD21D0134F500488112 /* AFHTTPRequestOperationManager.h */ = {isa = PBXFileReference; fileEncoding = 4; lastKnownFileType = sourcecode.c.h; path = AFHTTPRequestOperationManager.h; sourceTree = "<group>"; };
		04593CD31D0134F500488112 /* AFHTTPRequestOperationManager.m */ = {isa = PBXFileReference; fileEncoding = 4; lastKnownFileType = sourcecode.c.objc; path = AFHTTPRequestOperationManager.m; sourceTree = "<group>"; };
		04593CD41D0134F500488112 /* AFHTTPSessionManager.h */ = {isa = PBXFileReference; fileEncoding = 4; lastKnownFileType = sourcecode.c.h; path = AFHTTPSessionManager.h; sourceTree = "<group>"; };
		04593CD51D0134F500488112 /* AFHTTPSessionManager.m */ = {isa = PBXFileReference; fileEncoding = 4; lastKnownFileType = sourcecode.c.objc; path = AFHTTPSessionManager.m; sourceTree = "<group>"; };
		04593CD61D0134F500488112 /* AFNetworking.h */ = {isa = PBXFileReference; fileEncoding = 4; lastKnownFileType = sourcecode.c.h; path = AFNetworking.h; sourceTree = "<group>"; };
		04593CD71D0134F500488112 /* AFNetworkReachabilityManager.h */ = {isa = PBXFileReference; fileEncoding = 4; lastKnownFileType = sourcecode.c.h; path = AFNetworkReachabilityManager.h; sourceTree = "<group>"; };
		04593CD81D0134F500488112 /* AFNetworkReachabilityManager.m */ = {isa = PBXFileReference; fileEncoding = 4; lastKnownFileType = sourcecode.c.objc; path = AFNetworkReachabilityManager.m; sourceTree = "<group>"; };
		04593CD91D0134F500488112 /* AFSecurityPolicy.h */ = {isa = PBXFileReference; fileEncoding = 4; lastKnownFileType = sourcecode.c.h; path = AFSecurityPolicy.h; sourceTree = "<group>"; };
		04593CDA1D0134F500488112 /* AFSecurityPolicy.m */ = {isa = PBXFileReference; fileEncoding = 4; lastKnownFileType = sourcecode.c.objc; path = AFSecurityPolicy.m; sourceTree = "<group>"; };
		04593CDB1D0134F500488112 /* AFURLConnectionOperation.h */ = {isa = PBXFileReference; fileEncoding = 4; lastKnownFileType = sourcecode.c.h; path = AFURLConnectionOperation.h; sourceTree = "<group>"; };
		04593CDC1D0134F500488112 /* AFURLConnectionOperation.m */ = {isa = PBXFileReference; fileEncoding = 4; lastKnownFileType = sourcecode.c.objc; path = AFURLConnectionOperation.m; sourceTree = "<group>"; };
		04593CDD1D0134F500488112 /* AFURLRequestSerialization.h */ = {isa = PBXFileReference; fileEncoding = 4; lastKnownFileType = sourcecode.c.h; path = AFURLRequestSerialization.h; sourceTree = "<group>"; };
		04593CDE1D0134F500488112 /* AFURLRequestSerialization.m */ = {isa = PBXFileReference; fileEncoding = 4; lastKnownFileType = sourcecode.c.objc; path = AFURLRequestSerialization.m; sourceTree = "<group>"; };
		04593CDF1D0134F500488112 /* AFURLResponseSerialization.h */ = {isa = PBXFileReference; fileEncoding = 4; lastKnownFileType = sourcecode.c.h; path = AFURLResponseSerialization.h; sourceTree = "<group>"; };
		04593CE01D0134F500488112 /* AFURLResponseSerialization.m */ = {isa = PBXFileReference; fileEncoding = 4; lastKnownFileType = sourcecode.c.objc; path = AFURLResponseSerialization.m; sourceTree = "<group>"; };
		04593CE11D0134F500488112 /* AFURLSessionManager.h */ = {isa = PBXFileReference; fileEncoding = 4; lastKnownFileType = sourcecode.c.h; path = AFURLSessionManager.h; sourceTree = "<group>"; };
		04593CE21D0134F500488112 /* AFURLSessionManager.m */ = {isa = PBXFileReference; fileEncoding = 4; lastKnownFileType = sourcecode.c.objc; path = AFURLSessionManager.m; sourceTree = "<group>"; };
		04593CEE1D01357E00488112 /* CustomUIKit.h */ = {isa = PBXFileReference; fileEncoding = 4; lastKnownFileType = sourcecode.c.h; path = CustomUIKit.h; sourceTree = "<group>"; };
		04593CEF1D01357E00488112 /* CustomUIKit.m */ = {isa = PBXFileReference; fileEncoding = 4; lastKnownFileType = sourcecode.c.objc; path = CustomUIKit.m; sourceTree = "<group>"; };
		04593CF21D0135A300488112 /* CustomImageView.h */ = {isa = PBXFileReference; fileEncoding = 4; lastKnownFileType = sourcecode.c.h; path = CustomImageView.h; sourceTree = "<group>"; };
		04593CF31D0135A300488112 /* CustomImageView.m */ = {isa = PBXFileReference; fileEncoding = 4; lastKnownFileType = sourcecode.c.objc; path = CustomImageView.m; sourceTree = "<group>"; };
		04593CF51D01367D00488112 /* ViademyGlobalPrefix.pch */ = {isa = PBXFileReference; lastKnownFileType = sourcecode.c.h; path = ViademyGlobalPrefix.pch; sourceTree = "<group>"; };
		04593CF71D01372F00488112 /* LoadingView.h */ = {isa = PBXFileReference; fileEncoding = 4; lastKnownFileType = sourcecode.c.h; path = LoadingView.h; sourceTree = "<group>"; };
		04593CF81D01372F00488112 /* LoadingView.m */ = {isa = PBXFileReference; fileEncoding = 4; lastKnownFileType = sourcecode.c.objc; path = LoadingView.m; sourceTree = "<group>"; };
		04593CFB1D01377D00488112 /* AppConfig.h */ = {isa = PBXFileReference; fileEncoding = 4; lastKnownFileType = sourcecode.c.h; path = AppConfig.h; sourceTree = "<group>"; };
		04593CFC1D01377D00488112 /* AppConfig.m */ = {isa = PBXFileReference; fileEncoding = 4; lastKnownFileType = sourcecode.c.objc; path = AppConfig.m; sourceTree = "<group>"; };
		04593CFF1D0138EB00488112 /* AlertLoadingView.h */ = {isa = PBXFileReference; fileEncoding = 4; lastKnownFileType = sourcecode.c.h; path = AlertLoadingView.h; sourceTree = "<group>"; };
		04593D001D0138EB00488112 /* AlertLoadingView.m */ = {isa = PBXFileReference; fileEncoding = 4; lastKnownFileType = sourcecode.c.objc; path = AlertLoadingView.m; sourceTree = "<group>"; };
		0C10A1F51D01869A00C45B5A /* CategoryVCData.h */ = {isa = PBXFileReference; fileEncoding = 4; lastKnownFileType = sourcecode.c.h; path = CategoryVCData.h; sourceTree = "<group>"; };
		0C10A1F61D01869A00C45B5A /* CategoryVCData.m */ = {isa = PBXFileReference; fileEncoding = 4; lastKnownFileType = sourcecode.c.objc; path = CategoryVCData.m; sourceTree = "<group>"; };
		0C10A1F81D0187F900C45B5A /* DataAccessVinh.h */ = {isa = PBXFileReference; fileEncoding = 4; lastKnownFileType = sourcecode.c.h; path = DataAccessVinh.h; sourceTree = "<group>"; };
		0C10A1F91D0187F900C45B5A /* DataAccessVinh.m */ = {isa = PBXFileReference; fileEncoding = 4; lastKnownFileType = sourcecode.c.objc; path = DataAccessVinh.m; sourceTree = "<group>"; };
		0CFCA2071D00193400A0BAF3 /* Viademy.app */ = {isa = PBXFileReference; explicitFileType = wrapper.application; includeInIndex = 0; path = Viademy.app; sourceTree = BUILT_PRODUCTS_DIR; };
		0CFCA20B1D00193400A0BAF3 /* main.m */ = {isa = PBXFileReference; lastKnownFileType = sourcecode.c.objc; path = main.m; sourceTree = "<group>"; };
		0CFCA20D1D00193400A0BAF3 /* AppDelegate.h */ = {isa = PBXFileReference; lastKnownFileType = sourcecode.c.h; path = AppDelegate.h; sourceTree = "<group>"; };
		0CFCA20E1D00193400A0BAF3 /* AppDelegate.m */ = {isa = PBXFileReference; lastKnownFileType = sourcecode.c.objc; path = AppDelegate.m; sourceTree = "<group>"; };
		0CFCA2161D00193400A0BAF3 /* Assets.xcassets */ = {isa = PBXFileReference; lastKnownFileType = folder.assetcatalog; path = Assets.xcassets; sourceTree = "<group>"; };
		0CFCA2191D00193400A0BAF3 /* Base */ = {isa = PBXFileReference; lastKnownFileType = file.storyboard; name = Base; path = Base.lproj/LaunchScreen.storyboard; sourceTree = "<group>"; };
		0CFCA21B1D00193400A0BAF3 /* Info.plist */ = {isa = PBXFileReference; lastKnownFileType = text.plist.xml; path = Info.plist; sourceTree = "<group>"; };
		0CFCA2211D001A0600A0BAF3 /* StartVC.h */ = {isa = PBXFileReference; fileEncoding = 4; lastKnownFileType = sourcecode.c.h; path = StartVC.h; sourceTree = "<group>"; };
		0CFCA2221D001A0600A0BAF3 /* StartVC.m */ = {isa = PBXFileReference; fileEncoding = 4; lastKnownFileType = sourcecode.c.objc; path = StartVC.m; sourceTree = "<group>"; };
		0CFCA2231D001A0600A0BAF3 /* StartVC.xib */ = {isa = PBXFileReference; fileEncoding = 4; lastKnownFileType = file.xib; path = StartVC.xib; sourceTree = "<group>"; };
		0CFCA2281D001C3B00A0BAF3 /* MainTabVC.h */ = {isa = PBXFileReference; fileEncoding = 4; lastKnownFileType = sourcecode.c.h; path = MainTabVC.h; sourceTree = "<group>"; };
		0CFCA2291D001C3B00A0BAF3 /* MainTabVC.m */ = {isa = PBXFileReference; fileEncoding = 4; lastKnownFileType = sourcecode.c.objc; path = MainTabVC.m; sourceTree = "<group>"; };
		0CFCA22A1D001C3B00A0BAF3 /* MainTabVC.xib */ = {isa = PBXFileReference; fileEncoding = 4; lastKnownFileType = file.xib; path = MainTabVC.xib; sourceTree = "<group>"; };
		0CFCA22E1D001DBE00A0BAF3 /* HomeVC.h */ = {isa = PBXFileReference; fileEncoding = 4; lastKnownFileType = sourcecode.c.h; path = HomeVC.h; sourceTree = "<group>"; };
		0CFCA22F1D001DBE00A0BAF3 /* HomeVC.m */ = {isa = PBXFileReference; fileEncoding = 4; lastKnownFileType = sourcecode.c.objc; path = HomeVC.m; sourceTree = "<group>"; };
		0CFCA2301D001DBE00A0BAF3 /* HomeVC.xib */ = {isa = PBXFileReference; fileEncoding = 4; lastKnownFileType = file.xib; path = HomeVC.xib; sourceTree = "<group>"; };
		0CFCA2341D001EAF00A0BAF3 /* CategoryVC.h */ = {isa = PBXFileReference; fileEncoding = 4; lastKnownFileType = sourcecode.c.h; path = CategoryVC.h; sourceTree = "<group>"; };
		0CFCA2351D001EAF00A0BAF3 /* CategoryVC.m */ = {isa = PBXFileReference; fileEncoding = 4; lastKnownFileType = sourcecode.c.objc; path = CategoryVC.m; sourceTree = "<group>"; };
		0CFCA2361D001EAF00A0BAF3 /* CategoryVC.xib */ = {isa = PBXFileReference; fileEncoding = 4; lastKnownFileType = file.xib; path = CategoryVC.xib; sourceTree = "<group>"; };
		0CFCA23A1D001F3200A0BAF3 /* SearchVC.h */ = {isa = PBXFileReference; fileEncoding = 4; lastKnownFileType = sourcecode.c.h; path = SearchVC.h; sourceTree = "<group>"; };
		0CFCA23B1D001F3200A0BAF3 /* SearchVC.m */ = {isa = PBXFileReference; fileEncoding = 4; lastKnownFileType = sourcecode.c.objc; path = SearchVC.m; sourceTree = "<group>"; };
		0CFCA23C1D001F3200A0BAF3 /* SearchVC.xib */ = {isa = PBXFileReference; fileEncoding = 4; lastKnownFileType = file.xib; path = SearchVC.xib; sourceTree = "<group>"; };
		0CFCA2401D00233300A0BAF3 /* HomeTableCell.h */ = {isa = PBXFileReference; fileEncoding = 4; lastKnownFileType = sourcecode.c.h; path = HomeTableCell.h; sourceTree = "<group>"; };
		0CFCA2411D00233300A0BAF3 /* HomeTableCell.m */ = {isa = PBXFileReference; fileEncoding = 4; lastKnownFileType = sourcecode.c.objc; path = HomeTableCell.m; sourceTree = "<group>"; };
		0CFCA2421D00233300A0BAF3 /* HomeTableCell.xib */ = {isa = PBXFileReference; fileEncoding = 4; lastKnownFileType = file.xib; path = HomeTableCell.xib; sourceTree = "<group>"; };
		0CFCA24A1D00247E00A0BAF3 /* ngoctrinh.png */ = {isa = PBXFileReference; lastKnownFileType = image.png; path = ngoctrinh.png; sourceTree = "<group>"; };
		0CFCA24D1D0026BA00A0BAF3 /* CourseVC.h */ = {isa = PBXFileReference; fileEncoding = 4; lastKnownFileType = sourcecode.c.h; path = CourseVC.h; sourceTree = "<group>"; };
		0CFCA24E1D0026BA00A0BAF3 /* CourseVC.m */ = {isa = PBXFileReference; fileEncoding = 4; lastKnownFileType = sourcecode.c.objc; path = CourseVC.m; sourceTree = "<group>"; };
		0CFCA24F1D0026BA00A0BAF3 /* CourseVC.xib */ = {isa = PBXFileReference; fileEncoding = 4; lastKnownFileType = file.xib; path = CourseVC.xib; sourceTree = "<group>"; };
		0CFCA2531D0028CE00A0BAF3 /* CourseHeaderCell.h */ = {isa = PBXFileReference; fileEncoding = 4; lastKnownFileType = sourcecode.c.h; path = CourseHeaderCell.h; sourceTree = "<group>"; };
		0CFCA2541D0028CE00A0BAF3 /* CourseHeaderCell.m */ = {isa = PBXFileReference; fileEncoding = 4; lastKnownFileType = sourcecode.c.objc; path = CourseHeaderCell.m; sourceTree = "<group>"; };
		0CFCA2551D0028CE00A0BAF3 /* CourseHeaderCell.xib */ = {isa = PBXFileReference; fileEncoding = 4; lastKnownFileType = file.xib; path = CourseHeaderCell.xib; sourceTree = "<group>"; };
		F99939DB1D050CF100FF8D45 /* HomeTableCellData.h */ = {isa = PBXFileReference; fileEncoding = 4; lastKnownFileType = sourcecode.c.h; path = HomeTableCellData.h; sourceTree = "<group>"; };
		F99939DC1D050CF100FF8D45 /* HomeTableCellData.m */ = {isa = PBXFileReference; fileEncoding = 4; lastKnownFileType = sourcecode.c.objc; path = HomeTableCellData.m; sourceTree = "<group>"; };
		F99939FB1D05565600FF8D45 /* LessonCellData.h */ = {isa = PBXFileReference; fileEncoding = 4; lastKnownFileType = sourcecode.c.h; path = LessonCellData.h; sourceTree = "<group>"; };
		F99939FC1D05565600FF8D45 /* LessonCellData.m */ = {isa = PBXFileReference; fileEncoding = 4; lastKnownFileType = sourcecode.c.objc; path = LessonCellData.m; sourceTree = "<group>"; };
		F9993A021D056BF400FF8D45 /* LessonCell.h */ = {isa = PBXFileReference; fileEncoding = 4; lastKnownFileType = sourcecode.c.h; path = LessonCell.h; sourceTree = "<group>"; };
		F9993A031D056BF400FF8D45 /* LessonCell.m */ = {isa = PBXFileReference; fileEncoding = 4; lastKnownFileType = sourcecode.c.objc; path = LessonCell.m; sourceTree = "<group>"; };
		F9993A041D056BF400FF8D45 /* LessonCell.xib */ = {isa = PBXFileReference; fileEncoding = 4; lastKnownFileType = file.xib; path = LessonCell.xib; sourceTree = "<group>"; };
		F9993A0C1D057D6000FF8D45 /* HomeVCData.h */ = {isa = PBXFileReference; fileEncoding = 4; lastKnownFileType = sourcecode.c.h; path = HomeVCData.h; sourceTree = "<group>"; };
		F9993A0D1D057D6000FF8D45 /* HomeVCData.m */ = {isa = PBXFileReference; fileEncoding = 4; lastKnownFileType = sourcecode.c.objc; path = HomeVCData.m; sourceTree = "<group>"; };
		F9993A0F1D05804A00FF8D45 /* CourseVCData.h */ = {isa = PBXFileReference; fileEncoding = 4; lastKnownFileType = sourcecode.c.h; path = CourseVCData.h; sourceTree = "<group>"; };
		F9993A101D05804A00FF8D45 /* CourseVCData.m */ = {isa = PBXFileReference; fileEncoding = 4; lastKnownFileType = sourcecode.c.objc; path = CourseVCData.m; sourceTree = "<group>"; };
		F9993A121D05885800FF8D45 /* CourseHeaderData.h */ = {isa = PBXFileReference; fileEncoding = 4; lastKnownFileType = sourcecode.c.h; path = CourseHeaderData.h; sourceTree = "<group>"; };
		F9993A131D05885800FF8D45 /* CourseHeaderData.m */ = {isa = PBXFileReference; fileEncoding = 4; lastKnownFileType = sourcecode.c.objc; path = CourseHeaderData.m; sourceTree = "<group>"; };
		F9C932D41D06F85B00FE65F3 /* LessonVC.h */ = {isa = PBXFileReference; fileEncoding = 4; lastKnownFileType = sourcecode.c.h; path = LessonVC.h; sourceTree = "<group>"; };
		F9C932D51D06F85B00FE65F3 /* LessonVC.m */ = {isa = PBXFileReference; fileEncoding = 4; lastKnownFileType = sourcecode.c.objc; path = LessonVC.m; sourceTree = "<group>"; };
		F9C932D61D06F85B00FE65F3 /* LessonVC.xib */ = {isa = PBXFileReference; fileEncoding = 4; lastKnownFileType = file.xib; path = LessonVC.xib; sourceTree = "<group>"; };
		F9E181A41D06A66B00BCB624 /* SearchVCData.h */ = {isa = PBXFileReference; fileEncoding = 4; lastKnownFileType = sourcecode.c.h; path = SearchVCData.h; sourceTree = "<group>"; };
		F9E181A51D06A66B00BCB624 /* SearchVCData.m */ = {isa = PBXFileReference; fileEncoding = 4; lastKnownFileType = sourcecode.c.objc; path = SearchVCData.m; sourceTree = "<group>"; };
		F9E8935C1D07164E002DA21D /* LessonVCData.h */ = {isa = PBXFileReference; fileEncoding = 4; lastKnownFileType = sourcecode.c.h; path = LessonVCData.h; sourceTree = "<group>"; };
		F9E8935D1D07164E002DA21D /* LessonVCData.m */ = {isa = PBXFileReference; fileEncoding = 4; lastKnownFileType = sourcecode.c.objc; path = LessonVCData.m; sourceTree = "<group>"; };
		F9F5B7081D066089007C9B98 /* btn_back_normal@2x.png */ = {isa = PBXFileReference; lastKnownFileType = image.png; path = "btn_back_normal@2x.png"; sourceTree = "<group>"; };
		F9F5B7091D066089007C9B98 /* btn_back_selected@2x.png */ = {isa = PBXFileReference; lastKnownFileType = image.png; path = "btn_back_selected@2x.png"; sourceTree = "<group>"; };
		F9F5B70A1D066089007C9B98 /* btn_hash_normal@2x.png */ = {isa = PBXFileReference; lastKnownFileType = image.png; path = "btn_hash_normal@2x.png"; sourceTree = "<group>"; };
		F9F5B70B1D066089007C9B98 /* btn_hash_selected@2x.png */ = {isa = PBXFileReference; lastKnownFileType = image.png; path = "btn_hash_selected@2x.png"; sourceTree = "<group>"; };
		F9F5B70C1D066089007C9B98 /* btn_home_normal@2x.png */ = {isa = PBXFileReference; lastKnownFileType = image.png; path = "btn_home_normal@2x.png"; sourceTree = "<group>"; };
		F9F5B70D1D066089007C9B98 /* btn_home_selected@2x.png */ = {isa = PBXFileReference; lastKnownFileType = image.png; path = "btn_home_selected@2x.png"; sourceTree = "<group>"; };
		F9F5B70E1D066089007C9B98 /* btn_like_normal@2x.png */ = {isa = PBXFileReference; lastKnownFileType = image.png; path = "btn_like_normal@2x.png"; sourceTree = "<group>"; };
		F9F5B70F1D066089007C9B98 /* btn_like_selected@2x.png */ = {isa = PBXFileReference; lastKnownFileType = image.png; path = "btn_like_selected@2x.png"; sourceTree = "<group>"; };
		F9F5B7101D066089007C9B98 /* btn_search_normal@2x.png */ = {isa = PBXFileReference; lastKnownFileType = image.png; path = "btn_search_normal@2x.png"; sourceTree = "<group>"; };
		F9F5B7111D066089007C9B98 /* btn_search_selected@2x.png */ = {isa = PBXFileReference; lastKnownFileType = image.png; path = "btn_search_selected@2x.png"; sourceTree = "<group>"; };
		F9F5B7121D066089007C9B98 /* btn_share_normal@2x.png */ = {isa = PBXFileReference; lastKnownFileType = image.png; path = "btn_share_normal@2x.png"; sourceTree = "<group>"; };
		F9F5B7131D066089007C9B98 /* btn_share_selected@2x.png */ = {isa = PBXFileReference; lastKnownFileType = image.png; path = "btn_share_selected@2x.png"; sourceTree = "<group>"; };
		F9F5B7141D066089007C9B98 /* rn.bat */ = {isa = PBXFileReference; fileEncoding = 4; lastKnownFileType = text; path = rn.bat; sourceTree = "<group>"; };
/* End PBXFileReference section */

/* Begin PBXFrameworksBuildPhase section */
		0CFCA2041D00193300A0BAF3 /* Frameworks */ = {
			isa = PBXFrameworksBuildPhase;
			buildActionMask = 2147483647;
			files = (
			);
			runOnlyForDeploymentPostprocessing = 0;
		};
/* End PBXFrameworksBuildPhase section */

/* Begin PBXGroup section */
		0445D71F1D016F1400B1DEB4 /* YoutubePlayer */ = {
			isa = PBXGroup;
			children = (
				0445D7231D016F3C00B1DEB4 /* Assets.bundle */,
				0445D7201D016F2100B1DEB4 /* YTPlayerView.h */,
				0445D7211D016F2100B1DEB4 /* YTPlayerView.m */,
			);
			name = YoutubePlayer;
			sourceTree = "<group>";
		};
		04593CCF1D0134E900488112 /* AFNetworking */ = {
			isa = PBXGroup;
			children = (
				04593CD01D0134F500488112 /* AFHTTPRequestOperation.h */,
				04593CD11D0134F500488112 /* AFHTTPRequestOperation.m */,
				04593CD21D0134F500488112 /* AFHTTPRequestOperationManager.h */,
				04593CD31D0134F500488112 /* AFHTTPRequestOperationManager.m */,
				04593CD41D0134F500488112 /* AFHTTPSessionManager.h */,
				04593CD51D0134F500488112 /* AFHTTPSessionManager.m */,
				04593CD61D0134F500488112 /* AFNetworking.h */,
				04593CD71D0134F500488112 /* AFNetworkReachabilityManager.h */,
				04593CD81D0134F500488112 /* AFNetworkReachabilityManager.m */,
				04593CD91D0134F500488112 /* AFSecurityPolicy.h */,
				04593CDA1D0134F500488112 /* AFSecurityPolicy.m */,
				04593CDB1D0134F500488112 /* AFURLConnectionOperation.h */,
				04593CDC1D0134F500488112 /* AFURLConnectionOperation.m */,
				04593CDD1D0134F500488112 /* AFURLRequestSerialization.h */,
				04593CDE1D0134F500488112 /* AFURLRequestSerialization.m */,
				04593CDF1D0134F500488112 /* AFURLResponseSerialization.h */,
				04593CE01D0134F500488112 /* AFURLResponseSerialization.m */,
				04593CE11D0134F500488112 /* AFURLSessionManager.h */,
				04593CE21D0134F500488112 /* AFURLSessionManager.m */,
			);
			name = AFNetworking;
			sourceTree = "<group>";
		};
		04593CEC1D01354700488112 /* ViewControllers */ = {
			isa = PBXGroup;
			children = (
				0CFCA2581D002A5A00A0BAF3 /* LessonVC */,
				0CFCA24C1D0026A100A0BAF3 /* CourseVC */,
				0CFCA2391D001F2000A0BAF3 /* SearchVC */,
				0CFCA2331D001E9900A0BAF3 /* CategoryVC */,
				0CFCA22D1D001DA100A0BAF3 /* HomeVC */,
				0CFCA2271D001BF000A0BAF3 /* MainTabVC */,
				0CFCA2261D001BAC00A0BAF3 /* StartVC */,
			);
			name = ViewControllers;
			sourceTree = "<group>";
		};
		04593CED1D01354F00488112 /* CustomUIKit */ = {
			isa = PBXGroup;
			children = (
				04593CEE1D01357E00488112 /* CustomUIKit.h */,
				04593CEF1D01357E00488112 /* CustomUIKit.m */,
				04593CFE1D0138D400488112 /* AlertLoadingView */,
				04593CF61D01371400488112 /* LoadingView */,
				04593CF11D01358700488112 /* CustomImageView */,
			);
			name = CustomUIKit;
			sourceTree = "<group>";
		};
		04593CF11D01358700488112 /* CustomImageView */ = {
			isa = PBXGroup;
			children = (
				04593CF21D0135A300488112 /* CustomImageView.h */,
				04593CF31D0135A300488112 /* CustomImageView.m */,
			);
			name = CustomImageView;
			sourceTree = "<group>";
		};
		04593CF61D01371400488112 /* LoadingView */ = {
			isa = PBXGroup;
			children = (
				04593CF71D01372F00488112 /* LoadingView.h */,
				04593CF81D01372F00488112 /* LoadingView.m */,
			);
			name = LoadingView;
			sourceTree = "<group>";
		};
		04593CFA1D01376900488112 /* AppConfig */ = {
			isa = PBXGroup;
			children = (
				04593CFB1D01377D00488112 /* AppConfig.h */,
				04593CFC1D01377D00488112 /* AppConfig.m */,
			);
			name = AppConfig;
			sourceTree = "<group>";
		};
		04593CFE1D0138D400488112 /* AlertLoadingView */ = {
			isa = PBXGroup;
			children = (
				04593CFF1D0138EB00488112 /* AlertLoadingView.h */,
				04593D001D0138EB00488112 /* AlertLoadingView.m */,
			);
			name = AlertLoadingView;
			sourceTree = "<group>";
		};
		0C0CC0FA1D002F5700134B9B /* UI */ = {
			isa = PBXGroup;
			children = (
				04593CED1D01354F00488112 /* CustomUIKit */,
				04593CEC1D01354700488112 /* ViewControllers */,
			);
			name = UI;
			sourceTree = "<group>";
		};
		0C0CC0FB1D002F6300134B9B /* Business */ = {
			isa = PBXGroup;
			children = (
				04593CFA1D01376900488112 /* AppConfig */,
				0C0CC0FD1D002F8300134B9B /* DataAccess */,
				0C0CC0FC1D002F7700134B9B /* NetworkAccess */,
			);
			name = Business;
			sourceTree = "<group>";
		};
		0C0CC0FC1D002F7700134B9B /* NetworkAccess */ = {
			isa = PBXGroup;
			children = (
				04593CCB1D01349000488112 /* NetworkAccess.h */,
				04593CCC1D01349000488112 /* NetworkAccess.m */,
			);
			name = NetworkAccess;
			sourceTree = "<group>";
		};
		0C0CC0FD1D002F8300134B9B /* DataAccess */ = {
			isa = PBXGroup;
			children = (
				0C10A1F81D0187F900C45B5A /* DataAccessVinh.h */,
				0C10A1F91D0187F900C45B5A /* DataAccessVinh.m */,
			);
			name = DataAccess;
			sourceTree = "<group>";
		};
		0CFCA1FE1D00193300A0BAF3 = {
			isa = PBXGroup;
			children = (
				0CFCA2091D00193400A0BAF3 /* Viademy */,
				0CFCA2081D00193400A0BAF3 /* Products */,
			);
			sourceTree = "<group>";
		};
		0CFCA2081D00193400A0BAF3 /* Products */ = {
			isa = PBXGroup;
			children = (
				0CFCA2071D00193400A0BAF3 /* Viademy.app */,
			);
			name = Products;
			sourceTree = "<group>";
		};
		0CFCA2091D00193400A0BAF3 /* Viademy */ = {
			isa = PBXGroup;
			children = (
				0C0CC0FB1D002F6300134B9B /* Business */,
				0C0CC0FA1D002F5700134B9B /* UI */,
				0CFCA2451D00244400A0BAF3 /* Resources */,
				0CFCA20D1D00193400A0BAF3 /* AppDelegate.h */,
				0CFCA20E1D00193400A0BAF3 /* AppDelegate.m */,
				0CFCA2161D00193400A0BAF3 /* Assets.xcassets */,
				0CFCA2181D00193400A0BAF3 /* LaunchScreen.storyboard */,
				0CFCA21B1D00193400A0BAF3 /* Info.plist */,
				04593CF51D01367D00488112 /* ViademyGlobalPrefix.pch */,
				0CFCA20A1D00193400A0BAF3 /* Supporting Files */,
			);
			path = Viademy;
			sourceTree = "<group>";
		};
		0CFCA20A1D00193400A0BAF3 /* Supporting Files */ = {
			isa = PBXGroup;
			children = (
				0CFCA20B1D00193400A0BAF3 /* main.m */,
			);
			name = "Supporting Files";
			sourceTree = "<group>";
		};
		0CFCA2261D001BAC00A0BAF3 /* StartVC */ = {
			isa = PBXGroup;
			children = (
				0CFCA2211D001A0600A0BAF3 /* StartVC.h */,
				0CFCA2221D001A0600A0BAF3 /* StartVC.m */,
				0CFCA2231D001A0600A0BAF3 /* StartVC.xib */,
			);
			name = StartVC;
			sourceTree = "<group>";
		};
		0CFCA2271D001BF000A0BAF3 /* MainTabVC */ = {
			isa = PBXGroup;
			children = (
				0CFCA2281D001C3B00A0BAF3 /* MainTabVC.h */,
				0CFCA2291D001C3B00A0BAF3 /* MainTabVC.m */,
				0CFCA22A1D001C3B00A0BAF3 /* MainTabVC.xib */,
			);
			name = MainTabVC;
			sourceTree = "<group>";
		};
		0CFCA22D1D001DA100A0BAF3 /* HomeVC */ = {
			isa = PBXGroup;
			children = (
				0CFCA23F1D00230F00A0BAF3 /* HomeTableCell */,
				0CFCA22E1D001DBE00A0BAF3 /* HomeVC.h */,
				0CFCA22F1D001DBE00A0BAF3 /* HomeVC.m */,
				0CFCA2301D001DBE00A0BAF3 /* HomeVC.xib */,
				F9993A0C1D057D6000FF8D45 /* HomeVCData.h */,
				F9993A0D1D057D6000FF8D45 /* HomeVCData.m */,
			);
			name = HomeVC;
			sourceTree = "<group>";
		};
		0CFCA2331D001E9900A0BAF3 /* CategoryVC */ = {
			isa = PBXGroup;
			children = (
				0CFCA2341D001EAF00A0BAF3 /* CategoryVC.h */,
				0CFCA2351D001EAF00A0BAF3 /* CategoryVC.m */,
				0CFCA2361D001EAF00A0BAF3 /* CategoryVC.xib */,
				0C10A1F51D01869A00C45B5A /* CategoryVCData.h */,
				0C10A1F61D01869A00C45B5A /* CategoryVCData.m */,
			);
			name = CategoryVC;
			sourceTree = "<group>";
		};
		0CFCA2391D001F2000A0BAF3 /* SearchVC */ = {
			isa = PBXGroup;
			children = (
				0CFCA23A1D001F3200A0BAF3 /* SearchVC.h */,
				0CFCA23B1D001F3200A0BAF3 /* SearchVC.m */,
				0CFCA23C1D001F3200A0BAF3 /* SearchVC.xib */,
				F9E181A41D06A66B00BCB624 /* SearchVCData.h */,
				F9E181A51D06A66B00BCB624 /* SearchVCData.m */,
			);
			name = SearchVC;
			sourceTree = "<group>";
		};
		0CFCA23F1D00230F00A0BAF3 /* HomeTableCell */ = {
			isa = PBXGroup;
			children = (
				0CFCA2401D00233300A0BAF3 /* HomeTableCell.h */,
				0CFCA2411D00233300A0BAF3 /* HomeTableCell.m */,
				0CFCA2421D00233300A0BAF3 /* HomeTableCell.xib */,
				F99939DB1D050CF100FF8D45 /* HomeTableCellData.h */,
				F99939DC1D050CF100FF8D45 /* HomeTableCellData.m */,
			);
			name = HomeTableCell;
			sourceTree = "<group>";
		};
		0CFCA2451D00244400A0BAF3 /* Resources */ = {
			isa = PBXGroup;
			children = (
				0CFCA2471D00244F00A0BAF3 /* Images */,
				0CFCA2461D00244900A0BAF3 /* ThirdParties */,
			);
			name = Resources;
			sourceTree = "<group>";
		};
		0CFCA2461D00244900A0BAF3 /* ThirdParties */ = {
			isa = PBXGroup;
			children = (
				0445D71F1D016F1400B1DEB4 /* YoutubePlayer */,
				04593CCF1D0134E900488112 /* AFNetworking */,
			);
			name = ThirdParties;
			sourceTree = "<group>";
		};
		0CFCA2471D00244F00A0BAF3 /* Images */ = {
			isa = PBXGroup;
			children = (
				F9F5B7081D066089007C9B98 /* btn_back_normal@2x.png */,
				F9F5B7091D066089007C9B98 /* btn_back_selected@2x.png */,
				F9F5B70A1D066089007C9B98 /* btn_hash_normal@2x.png */,
				F9F5B70B1D066089007C9B98 /* btn_hash_selected@2x.png */,
				F9F5B70C1D066089007C9B98 /* btn_home_normal@2x.png */,
				F9F5B70D1D066089007C9B98 /* btn_home_selected@2x.png */,
				F9F5B70E1D066089007C9B98 /* btn_like_normal@2x.png */,
				F9F5B70F1D066089007C9B98 /* btn_like_selected@2x.png */,
				F9F5B7101D066089007C9B98 /* btn_search_normal@2x.png */,
				F9F5B7111D066089007C9B98 /* btn_search_selected@2x.png */,
				F9F5B7121D066089007C9B98 /* btn_share_normal@2x.png */,
				F9F5B7131D066089007C9B98 /* btn_share_selected@2x.png */,
				F9F5B7141D066089007C9B98 /* rn.bat */,
				0445D71D1D016D0A00B1DEB4 /* ngoctrinh_portrait.jpg */,
				0445D7191D016B0F00B1DEB4 /* defaultImagePortrait.png */,
				0445D71A1D016B0F00B1DEB4 /* defaultImageLandscape.png */,
				0CFCA24A1D00247E00A0BAF3 /* ngoctrinh.png */,
			);
			name = Images;
			sourceTree = "<group>";
		};
		0CFCA24C1D0026A100A0BAF3 /* CourseVC */ = {
			isa = PBXGroup;
			children = (
				F99939FE1D056A7F00FF8D45 /* CourseViewCell */,
				0CFCA2521D0028B800A0BAF3 /* CourseHeaderCell */,
				0CFCA24D1D0026BA00A0BAF3 /* CourseVC.h */,
				0CFCA24E1D0026BA00A0BAF3 /* CourseVC.m */,
				0CFCA24F1D0026BA00A0BAF3 /* CourseVC.xib */,
				F9993A0F1D05804A00FF8D45 /* CourseVCData.h */,
				F9993A101D05804A00FF8D45 /* CourseVCData.m */,
			);
			name = CourseVC;
			sourceTree = "<group>";
		};
		0CFCA2521D0028B800A0BAF3 /* CourseHeaderCell */ = {
			isa = PBXGroup;
			children = (
				0CFCA2531D0028CE00A0BAF3 /* CourseHeaderCell.h */,
				0CFCA2541D0028CE00A0BAF3 /* CourseHeaderCell.m */,
				0CFCA2551D0028CE00A0BAF3 /* CourseHeaderCell.xib */,
				F9993A121D05885800FF8D45 /* CourseHeaderData.h */,
				F9993A131D05885800FF8D45 /* CourseHeaderData.m */,
			);
			name = CourseHeaderCell;
			sourceTree = "<group>";
		};
		0CFCA2581D002A5A00A0BAF3 /* LessonVC */ = {
			isa = PBXGroup;
			children = (
				F9C932D41D06F85B00FE65F3 /* LessonVC.h */,
				F9C932D51D06F85B00FE65F3 /* LessonVC.m */,
				F9C932D61D06F85B00FE65F3 /* LessonVC.xib */,
				F9E8935C1D07164E002DA21D /* LessonVCData.h */,
				F9E8935D1D07164E002DA21D /* LessonVCData.m */,
			);
			name = LessonVC;
			sourceTree = "<group>";
		};
		F99939FE1D056A7F00FF8D45 /* CourseViewCell */ = {
			isa = PBXGroup;
			children = (
				F9993A021D056BF400FF8D45 /* LessonCell.h */,
				F9993A031D056BF400FF8D45 /* LessonCell.m */,
				F9993A041D056BF400FF8D45 /* LessonCell.xib */,
				F99939FB1D05565600FF8D45 /* LessonCellData.h */,
				F99939FC1D05565600FF8D45 /* LessonCellData.m */,
			);
			name = CourseViewCell;
			sourceTree = "<group>";
		};
/* End PBXGroup section */

/* Begin PBXNativeTarget section */
		0CFCA2061D00193300A0BAF3 /* Viademy */ = {
			isa = PBXNativeTarget;
			buildConfigurationList = 0CFCA21E1D00193400A0BAF3 /* Build configuration list for PBXNativeTarget "Viademy" */;
			buildPhases = (
				0CFCA2031D00193300A0BAF3 /* Sources */,
				0CFCA2041D00193300A0BAF3 /* Frameworks */,
				0CFCA2051D00193300A0BAF3 /* Resources */,
			);
			buildRules = (
			);
			dependencies = (
			);
			name = Viademy;
			productName = Viademy;
			productReference = 0CFCA2071D00193400A0BAF3 /* Viademy.app */;
			productType = "com.apple.product-type.application";
		};
/* End PBXNativeTarget section */

/* Begin PBXProject section */
		0CFCA1FF1D00193300A0BAF3 /* Project object */ = {
			isa = PBXProject;
			attributes = {
				LastUpgradeCheck = 0730;
				ORGANIZATIONNAME = silkroadpacific;
				TargetAttributes = {
					0CFCA2061D00193300A0BAF3 = {
						CreatedOnToolsVersion = 7.3.1;
						DevelopmentTeam = 8739L5W2LX;
					};
				};
			};
			buildConfigurationList = 0CFCA2021D00193300A0BAF3 /* Build configuration list for PBXProject "Viademy" */;
			compatibilityVersion = "Xcode 3.2";
			developmentRegion = English;
			hasScannedForEncodings = 0;
			knownRegions = (
				en,
				Base,
			);
			mainGroup = 0CFCA1FE1D00193300A0BAF3;
			productRefGroup = 0CFCA2081D00193400A0BAF3 /* Products */;
			projectDirPath = "";
			projectRoot = "";
			targets = (
				0CFCA2061D00193300A0BAF3 /* Viademy */,
			);
		};
/* End PBXProject section */

/* Begin PBXResourcesBuildPhase section */
		0CFCA2051D00193300A0BAF3 /* Resources */ = {
			isa = PBXResourcesBuildPhase;
			buildActionMask = 2147483647;
			files = (
				0CFCA21A1D00193400A0BAF3 /* LaunchScreen.storyboard in Resources */,
				F9F5B71A1D066089007C9B98 /* btn_home_selected@2x.png in Resources */,
				F9F5B7151D066089007C9B98 /* btn_back_normal@2x.png in Resources */,
				0CFCA24B1D00247E00A0BAF3 /* ngoctrinh.png in Resources */,
				F9F5B71F1D066089007C9B98 /* btn_share_normal@2x.png in Resources */,
				F9F5B7191D066089007C9B98 /* btn_home_normal@2x.png in Resources */,
				0CFCA23E1D001F3200A0BAF3 /* SearchVC.xib in Resources */,
				0445D71B1D016B0F00B1DEB4 /* defaultImagePortrait.png in Resources */,
				F9F5B71C1D066089007C9B98 /* btn_like_selected@2x.png in Resources */,
				F9C932D81D06F85B00FE65F3 /* LessonVC.xib in Resources */,
				0CFCA2571D0028CE00A0BAF3 /* CourseHeaderCell.xib in Resources */,
				0CFCA2251D001A0600A0BAF3 /* StartVC.xib in Resources */,
				F9F5B7211D066089007C9B98 /* rn.bat in Resources */,
				0CFCA2441D00233300A0BAF3 /* HomeTableCell.xib in Resources */,
				F9F5B7161D066089007C9B98 /* btn_back_selected@2x.png in Resources */,
				F9F5B7181D066089007C9B98 /* btn_hash_selected@2x.png in Resources */,
				0CFCA2381D001EAF00A0BAF3 /* CategoryVC.xib in Resources */,
				F9F5B71B1D066089007C9B98 /* btn_like_normal@2x.png in Resources */,
				F9F5B71E1D066089007C9B98 /* btn_search_selected@2x.png in Resources */,
				0CFCA2321D001DBE00A0BAF3 /* HomeVC.xib in Resources */,
				0CFCA2171D00193400A0BAF3 /* Assets.xcassets in Resources */,
				0445D7241D016F3C00B1DEB4 /* Assets.bundle in Resources */,
				0CFCA22C1D001C3B00A0BAF3 /* MainTabVC.xib in Resources */,
				0445D71E1D016D0A00B1DEB4 /* ngoctrinh_portrait.jpg in Resources */,
				F9F5B7201D066089007C9B98 /* btn_share_selected@2x.png in Resources */,
				0CFCA2511D0026BA00A0BAF3 /* CourseVC.xib in Resources */,
				F9F5B71D1D066089007C9B98 /* btn_search_normal@2x.png in Resources */,
				0445D71C1D016B0F00B1DEB4 /* defaultImageLandscape.png in Resources */,
				F9F5B7171D066089007C9B98 /* btn_hash_normal@2x.png in Resources */,
				F9993A061D056BF400FF8D45 /* LessonCell.xib in Resources */,
			);
			runOnlyForDeploymentPostprocessing = 0;
		};
/* End PBXResourcesBuildPhase section */

/* Begin PBXSourcesBuildPhase section */
		0CFCA2031D00193300A0BAF3 /* Sources */ = {
			isa = PBXSourcesBuildPhase;
			buildActionMask = 2147483647;
			files = (
				04593CE31D0134F500488112 /* AFHTTPRequestOperation.m in Sources */,
				0CFCA20F1D00193400A0BAF3 /* AppDelegate.m in Sources */,
				F9993A0E1D057D6000FF8D45 /* HomeVCData.m in Sources */,
				0CFCA20C1D00193400A0BAF3 /* main.m in Sources */,
				0CFCA2241D001A0600A0BAF3 /* StartVC.m in Sources */,
				0CFCA2431D00233300A0BAF3 /* HomeTableCell.m in Sources */,
				04593CFD1D01377D00488112 /* AppConfig.m in Sources */,
				04593CF01D01357E00488112 /* CustomUIKit.m in Sources */,
				F9993A111D05804A00FF8D45 /* CourseVCData.m in Sources */,
				F9E181A61D06A66B00BCB624 /* SearchVCData.m in Sources */,
				F9993A141D05885800FF8D45 /* CourseHeaderData.m in Sources */,
				04593CEB1D0134F500488112 /* AFURLSessionManager.m in Sources */,
				04593CE51D0134F500488112 /* AFHTTPSessionManager.m in Sources */,
				0C10A1FA1D0187F900C45B5A /* DataAccessVinh.m in Sources */,
				0CFCA2311D001DBE00A0BAF3 /* HomeVC.m in Sources */,
				04593CE61D0134F500488112 /* AFNetworkReachabilityManager.m in Sources */,
				0445D7221D016F2100B1DEB4 /* YTPlayerView.m in Sources */,
				0CFCA2371D001EAF00A0BAF3 /* CategoryVC.m in Sources */,
				04593CEA1D0134F500488112 /* AFURLResponseSerialization.m in Sources */,
				04593CE91D0134F500488112 /* AFURLRequestSerialization.m in Sources */,
				F9E8935E1D07164E002DA21D /* LessonVCData.m in Sources */,
				04593CF41D0135A300488112 /* CustomImageView.m in Sources */,
				0C10A1F71D01869A00C45B5A /* CategoryVCData.m in Sources */,
				04593CE81D0134F500488112 /* AFURLConnectionOperation.m in Sources */,
				04593CE41D0134F500488112 /* AFHTTPRequestOperationManager.m in Sources */,
				0CFCA22B1D001C3B00A0BAF3 /* MainTabVC.m in Sources */,
				F9993A051D056BF400FF8D45 /* LessonCell.m in Sources */,
				0CFCA23D1D001F3200A0BAF3 /* SearchVC.m in Sources */,
				F99939FD1D05565600FF8D45 /* LessonCellData.m in Sources */,
				04593CE71D0134F500488112 /* AFSecurityPolicy.m in Sources */,
				0CFCA2501D0026BA00A0BAF3 /* CourseVC.m in Sources */,
				04593CCD1D01349000488112 /* NetworkAccess.m in Sources */,
				04593D011D0138EB00488112 /* AlertLoadingView.m in Sources */,
				F99939DD1D050CF100FF8D45 /* HomeTableCellData.m in Sources */,
				04593CF91D01372F00488112 /* LoadingView.m in Sources */,
				0CFCA2561D0028CE00A0BAF3 /* CourseHeaderCell.m in Sources */,
				F9C932D71D06F85B00FE65F3 /* LessonVC.m in Sources */,
			);
			runOnlyForDeploymentPostprocessing = 0;
		};
/* End PBXSourcesBuildPhase section */

/* Begin PBXVariantGroup section */
		0CFCA2181D00193400A0BAF3 /* LaunchScreen.storyboard */ = {
			isa = PBXVariantGroup;
			children = (
				0CFCA2191D00193400A0BAF3 /* Base */,
			);
			name = LaunchScreen.storyboard;
			sourceTree = "<group>";
		};
/* End PBXVariantGroup section */

/* Begin XCBuildConfiguration section */
		0CFCA21C1D00193400A0BAF3 /* Debug */ = {
			isa = XCBuildConfiguration;
			buildSettings = {
				ALWAYS_SEARCH_USER_PATHS = NO;
				CLANG_ANALYZER_NONNULL = YES;
				CLANG_CXX_LANGUAGE_STANDARD = "gnu++0x";
				CLANG_CXX_LIBRARY = "libc++";
				CLANG_ENABLE_MODULES = YES;
				CLANG_ENABLE_OBJC_ARC = YES;
				CLANG_WARN_BOOL_CONVERSION = YES;
				CLANG_WARN_CONSTANT_CONVERSION = YES;
				CLANG_WARN_DIRECT_OBJC_ISA_USAGE = YES_ERROR;
				CLANG_WARN_EMPTY_BODY = YES;
				CLANG_WARN_ENUM_CONVERSION = YES;
				CLANG_WARN_INT_CONVERSION = YES;
				CLANG_WARN_OBJC_ROOT_CLASS = YES_ERROR;
				CLANG_WARN_UNREACHABLE_CODE = YES;
				CLANG_WARN__DUPLICATE_METHOD_MATCH = YES;
				"CODE_SIGN_IDENTITY[sdk=iphoneos*]" = "iPhone Developer";
				COPY_PHASE_STRIP = NO;
				DEBUG_INFORMATION_FORMAT = dwarf;
				ENABLE_STRICT_OBJC_MSGSEND = YES;
				ENABLE_TESTABILITY = YES;
				GCC_C_LANGUAGE_STANDARD = gnu99;
				GCC_DYNAMIC_NO_PIC = NO;
				GCC_NO_COMMON_BLOCKS = YES;
				GCC_OPTIMIZATION_LEVEL = 0;
				GCC_PREPROCESSOR_DEFINITIONS = (
					"DEBUG=1",
					"$(inherited)",
				);
				GCC_WARN_64_TO_32_BIT_CONVERSION = YES;
				GCC_WARN_ABOUT_RETURN_TYPE = YES_ERROR;
				GCC_WARN_UNDECLARED_SELECTOR = YES;
				GCC_WARN_UNINITIALIZED_AUTOS = YES_AGGRESSIVE;
				GCC_WARN_UNUSED_FUNCTION = YES;
				GCC_WARN_UNUSED_VARIABLE = YES;
				IPHONEOS_DEPLOYMENT_TARGET = 9.3;
				MTL_ENABLE_DEBUG_INFO = YES;
				ONLY_ACTIVE_ARCH = YES;
				SDKROOT = iphoneos;
				TARGETED_DEVICE_FAMILY = "1,2";
			};
			name = Debug;
		};
		0CFCA21D1D00193400A0BAF3 /* Release */ = {
			isa = XCBuildConfiguration;
			buildSettings = {
				ALWAYS_SEARCH_USER_PATHS = NO;
				CLANG_ANALYZER_NONNULL = YES;
				CLANG_CXX_LANGUAGE_STANDARD = "gnu++0x";
				CLANG_CXX_LIBRARY = "libc++";
				CLANG_ENABLE_MODULES = YES;
				CLANG_ENABLE_OBJC_ARC = YES;
				CLANG_WARN_BOOL_CONVERSION = YES;
				CLANG_WARN_CONSTANT_CONVERSION = YES;
				CLANG_WARN_DIRECT_OBJC_ISA_USAGE = YES_ERROR;
				CLANG_WARN_EMPTY_BODY = YES;
				CLANG_WARN_ENUM_CONVERSION = YES;
				CLANG_WARN_INT_CONVERSION = YES;
				CLANG_WARN_OBJC_ROOT_CLASS = YES_ERROR;
				CLANG_WARN_UNREACHABLE_CODE = YES;
				CLANG_WARN__DUPLICATE_METHOD_MATCH = YES;
				"CODE_SIGN_IDENTITY[sdk=iphoneos*]" = "iPhone Developer";
				COPY_PHASE_STRIP = NO;
				DEBUG_INFORMATION_FORMAT = "dwarf-with-dsym";
				ENABLE_NS_ASSERTIONS = NO;
				ENABLE_STRICT_OBJC_MSGSEND = YES;
				GCC_C_LANGUAGE_STANDARD = gnu99;
				GCC_NO_COMMON_BLOCKS = YES;
				GCC_WARN_64_TO_32_BIT_CONVERSION = YES;
				GCC_WARN_ABOUT_RETURN_TYPE = YES_ERROR;
				GCC_WARN_UNDECLARED_SELECTOR = YES;
				GCC_WARN_UNINITIALIZED_AUTOS = YES_AGGRESSIVE;
				GCC_WARN_UNUSED_FUNCTION = YES;
				GCC_WARN_UNUSED_VARIABLE = YES;
				IPHONEOS_DEPLOYMENT_TARGET = 9.3;
				MTL_ENABLE_DEBUG_INFO = NO;
				SDKROOT = iphoneos;
				TARGETED_DEVICE_FAMILY = "1,2";
				VALIDATE_PRODUCT = YES;
			};
			name = Release;
		};
		0CFCA21F1D00193400A0BAF3 /* Debug */ = {
			isa = XCBuildConfiguration;
			buildSettings = {
				ASSETCATALOG_COMPILER_APPICON_NAME = AppIcon;
				CODE_SIGN_IDENTITY = "iPhone Developer";
				"CODE_SIGN_IDENTITY[sdk=iphoneos*]" = "iPhone Developer";
				GCC_PRECOMPILE_PREFIX_HEADER = YES;
				GCC_PREFIX_HEADER = Viademy/ViademyGlobalPrefix.pch;
				INFOPLIST_FILE = Viademy/Info.plist;
				IPHONEOS_DEPLOYMENT_TARGET = 7.1;
				LD_RUNPATH_SEARCH_PATHS = "$(inherited) @executable_path/Frameworks";
				PRODUCT_BUNDLE_IDENTIFIER = com.silkroadpacific.Viademy;
				PRODUCT_NAME = "$(TARGET_NAME)";
				PROVISIONING_PROFILE = "";
				TARGETED_DEVICE_FAMILY = 1;
			};
			name = Debug;
		};
		0CFCA2201D00193400A0BAF3 /* Release */ = {
			isa = XCBuildConfiguration;
			buildSettings = {
				ASSETCATALOG_COMPILER_APPICON_NAME = AppIcon;
				CODE_SIGN_IDENTITY = "iPhone Developer";
				"CODE_SIGN_IDENTITY[sdk=iphoneos*]" = "iPhone Developer";
				GCC_PRECOMPILE_PREFIX_HEADER = YES;
				GCC_PREFIX_HEADER = Viademy/ViademyGlobalPrefix.pch;
				INFOPLIST_FILE = Viademy/Info.plist;
				IPHONEOS_DEPLOYMENT_TARGET = 7.1;
				LD_RUNPATH_SEARCH_PATHS = "$(inherited) @executable_path/Frameworks";
				PRODUCT_BUNDLE_IDENTIFIER = com.silkroadpacific.Viademy;
				PRODUCT_NAME = "$(TARGET_NAME)";
				PROVISIONING_PROFILE = "";
				TARGETED_DEVICE_FAMILY = 1;
			};
			name = Release;
		};
/* End XCBuildConfiguration section */

/* Begin XCConfigurationList section */
		0CFCA2021D00193300A0BAF3 /* Build configuration list for PBXProject "Viademy" */ = {
			isa = XCConfigurationList;
			buildConfigurations = (
				0CFCA21C1D00193400A0BAF3 /* Debug */,
				0CFCA21D1D00193400A0BAF3 /* Release */,
			);
			defaultConfigurationIsVisible = 0;
			defaultConfigurationName = Release;
		};
		0CFCA21E1D00193400A0BAF3 /* Build configuration list for PBXNativeTarget "Viademy" */ = {
			isa = XCConfigurationList;
			buildConfigurations = (
				0CFCA21F1D00193400A0BAF3 /* Debug */,
				0CFCA2201D00193400A0BAF3 /* Release */,
			);
			defaultConfigurationIsVisible = 0;
			defaultConfigurationName = Release;
		};
/* End XCConfigurationList section */
	};
	rootObject = 0CFCA1FF1D00193300A0BAF3 /* Project object */;
}
